
Microsoft Visual Studio Solution File, Format Version 12.00
# Visual Studio 15
VisualStudioVersion = 15.0.27004.2002
MinimumVisualStudioVersion = 15.0.26403.3
Project("{9A19103F-16F7-4668-BE54-9A1E7A4F7556}") = "NServiceBus.Metrics.PerformanceCounters", "NServiceBus.Metrics.PerformanceCounters\NServiceBus.Metrics.PerformanceCounters.csproj", "{DF381B87-8EB9-4F30-9E92-0849641ED01A}"
EndProject
Project("{9A19103F-16F7-4668-BE54-9A1E7A4F7556}") = "NServiceBus.Metrics.PerformanceCounters.Tests", "NServiceBus.Metrics.PerformanceCounters.Tests\NServiceBus.Metrics.PerformanceCounters.Tests.csproj", "{9BCDA27A-5FC2-4197-9DCF-0D0F70424B58}"
EndProject
Project("{9A19103F-16F7-4668-BE54-9A1E7A4F7556}") = "ScriptBuilderTask", "ScriptBuilderTask\ScriptBuilderTask.csproj", "{08FD76CB-6988-485A-A535-B3129AF89C60}"
EndProject
Project("{9A19103F-16F7-4668-BE54-9A1E7A4F7556}") = "ScriptBuilderTask.Tests", "ScriptBuilderTask.Tests\ScriptBuilderTask.Tests.csproj", "{8174164E-52B8-4878-BFB0-34C81A31930E}"
EndProject
Project("{2150E333-8FDC-42A3-9474-1A3956D46DE8}") = "Solution Items", "Solution Items", "{1B573EC5-07D6-4E25-9687-FB5A536B4FD9}"
	ProjectSection(SolutionItems) = preProject
		Directory.Build.props = Directory.Build.props
		..\GitVersion.yml = ..\GitVersion.yml
	EndProjectSection
EndProject
Global
	GlobalSection(SolutionConfigurationPlatforms) = preSolution
		Debug|Any CPU = Debug|Any CPU
		Release|Any CPU = Release|Any CPU
	EndGlobalSection
	GlobalSection(ProjectConfigurationPlatforms) = postSolution
		{DF381B87-8EB9-4F30-9E92-0849641ED01A}.Debug|Any CPU.ActiveCfg = Debug|Any CPU
		{DF381B87-8EB9-4F30-9E92-0849641ED01A}.Debug|Any CPU.Build.0 = Debug|Any CPU
		{DF381B87-8EB9-4F30-9E92-0849641ED01A}.Release|Any CPU.ActiveCfg = Release|Any CPU
		{DF381B87-8EB9-4F30-9E92-0849641ED01A}.Release|Any CPU.Build.0 = Release|Any CPU
		{9BCDA27A-5FC2-4197-9DCF-0D0F70424B58}.Debug|Any CPU.ActiveCfg = Debug|Any CPU
		{9BCDA27A-5FC2-4197-9DCF-0D0F70424B58}.Debug|Any CPU.Build.0 = Debug|Any CPU
		{9BCDA27A-5FC2-4197-9DCF-0D0F70424B58}.Release|Any CPU.ActiveCfg = Release|Any CPU
		{9BCDA27A-5FC2-4197-9DCF-0D0F70424B58}.Release|Any CPU.Build.0 = Release|Any CPU
		{08FD76CB-6988-485A-A535-B3129AF89C60}.Debug|Any CPU.ActiveCfg = Debug|Any CPU
		{08FD76CB-6988-485A-A535-B3129AF89C60}.Debug|Any CPU.Build.0 = Debug|Any CPU
		{08FD76CB-6988-485A-A535-B3129AF89C60}.Release|Any CPU.ActiveCfg = Release|Any CPU
		{08FD76CB-6988-485A-A535-B3129AF89C60}.Release|Any CPU.Build.0 = Release|Any CPU
		{8174164E-52B8-4878-BFB0-34C81A31930E}.Debug|Any CPU.ActiveCfg = Debug|Any CPU
		{8174164E-52B8-4878-BFB0-34C81A31930E}.Debug|Any CPU.Build.0 = Debug|Any CPU
		{8174164E-52B8-4878-BFB0-34C81A31930E}.Release|Any CPU.ActiveCfg = Release|Any CPU
		{8174164E-52B8-4878-BFB0-34C81A31930E}.Release|Any CPU.Build.0 = Release|Any CPU
	EndGlobalSection
	GlobalSection(SolutionProperties) = preSolution
		HideSolutionNode = FALSE
	EndGlobalSection
	GlobalSection(ExtensibilityGlobals) = postSolution
		SolutionGuid = {021BB233-292E-4506-90FA-B10BD9F3F80D}
	EndGlobalSection
EndGlobal
